
Microsoft Visual Studio Solution File, Format Version 12.00
# Visual Studio Version 16
VisualStudioVersion = 16.0.29509.3
MinimumVisualStudioVersion = 10.0.40219.1
Project("{9A19103F-16F7-4668-BE54-9A1E7A4F7556}") = "Chat", "Chat\Chat.csproj", "{6E091AFC-A9A4-4E5F-84FF-B5DF790EAC86}"
EndProject
Global
	GlobalSection(SolutionConfigurationPlatforms) = preSolution
		Debug|Any CPU = Debug|Any CPU
		Release|Any CPU = Release|Any CPU
	EndGlobalSection
	GlobalSection(ProjectConfigurationPlatforms) = postSolution
		{6E091AFC-A9A4-4E5F-84FF-B5DF790EAC86}.Debug|Any CPU.ActiveCfg = Debug|Any CPU
		{6E091AFC-A9A4-4E5F-84FF-B5DF790EAC86}.Debug|Any CPU.Build.0 = Debug|Any CPU
		{6E091AFC-A9A4-4E5F-84FF-B5DF790EAC86}.Release|Any CPU.ActiveCfg = Release|Any CPU
		{6E091AFC-A9A4-4E5F-84FF-B5DF790EAC86}.Release|Any CPU.Build.0 = Release|Any CPU
	EndGlobalSection
	GlobalSection(SolutionProperties) = preSolution
		HideSolutionNode = FALSE
	EndGlobalSection
	GlobalSection(ExtensibilityGlobals) = postSolution
		SolutionGuid = {48CD5ABE-DCE4-40E1-A0CD-766C1C035696}
	EndGlobalSection
EndGlobal
